// !$*UTF8*$!
{
	archiveVersion = 1;
	classes = {
	};
	objectVersion = 46;
	objects = {

/* Begin PBXBuildFile section */
		813B018B1B4B1EEE00BF6B2F /* TaskDetailViewController.swift in Sources */ = {isa = PBXBuildFile; fileRef = 813B018A1B4B1EEE00BF6B2F /* TaskDetailViewController.swift */; };
		813B01951B4C7E3B00BF6B2F /* MenuControl.swift in Sources */ = {isa = PBXBuildFile; fileRef = 813B01941B4C7E3B00BF6B2F /* MenuControl.swift */; };
		81655B371B4DB9A200278976 /* SCLAlertView.swift in Sources */ = {isa = PBXBuildFile; fileRef = 81655B361B4DB9A200278976 /* SCLAlertView.swift */; };
		81BAF6D91B4CCD8100C71F3A /* AsyncButton.swift in Sources */ = {isa = PBXBuildFile; fileRef = 81BAF6BB1B4CCD8100C71F3A /* AsyncButton.swift */; };
		81BAF6DA1B4CCD8100C71F3A /* AsyncImageView.swift in Sources */ = {isa = PBXBuildFile; fileRef = 81BAF6BC1B4CCD8100C71F3A /* AsyncImageView.swift */; };
		81BAF6DB1B4CCD8100C71F3A /* AutoTextView.swift in Sources */ = {isa = PBXBuildFile; fileRef = 81BAF6BD1B4CCD8100C71F3A /* AutoTextView.swift */; };
		81BAF6DC1B4CCD8100C71F3A /* BlurView.swift in Sources */ = {isa = PBXBuildFile; fileRef = 81BAF6BE1B4CCD8100C71F3A /* BlurView.swift */; };
		81BAF6DD1B4CCD8100C71F3A /* DesignableButton.swift in Sources */ = {isa = PBXBuildFile; fileRef = 81BAF6BF1B4CCD8100C71F3A /* DesignableButton.swift */; };
		81BAF6DE1B4CCD8100C71F3A /* DesignableImageView.swift in Sources */ = {isa = PBXBuildFile; fileRef = 81BAF6C01B4CCD8100C71F3A /* DesignableImageView.swift */; };
		81BAF6DF1B4CCD8100C71F3A /* DesignableLabel.swift in Sources */ = {isa = PBXBuildFile; fileRef = 81BAF6C11B4CCD8100C71F3A /* DesignableLabel.swift */; };
		81BAF6E01B4CCD8100C71F3A /* DesignableTabBarController.swift in Sources */ = {isa = PBXBuildFile; fileRef = 81BAF6C21B4CCD8100C71F3A /* DesignableTabBarController.swift */; };
		81BAF6E11B4CCD8100C71F3A /* DesignableTextField.swift in Sources */ = {isa = PBXBuildFile; fileRef = 81BAF6C31B4CCD8100C71F3A /* DesignableTextField.swift */; };
		81BAF6E21B4CCD8100C71F3A /* DesignableTextView.swift in Sources */ = {isa = PBXBuildFile; fileRef = 81BAF6C41B4CCD8100C71F3A /* DesignableTextView.swift */; };
		81BAF6E31B4CCD8100C71F3A /* DesignableView.swift in Sources */ = {isa = PBXBuildFile; fileRef = 81BAF6C51B4CCD8100C71F3A /* DesignableView.swift */; };
		81BAF6E41B4CCD8100C71F3A /* ImageLoader.swift in Sources */ = {isa = PBXBuildFile; fileRef = 81BAF6C61B4CCD8100C71F3A /* ImageLoader.swift */; };
		81BAF6E51B4CCD8100C71F3A /* Info.plist in Resources */ = {isa = PBXBuildFile; fileRef = 81BAF6C71B4CCD8100C71F3A /* Info.plist */; };
		81BAF6E61B4CCD8100C71F3A /* KeyboardLayoutConstraint.swift in Sources */ = {isa = PBXBuildFile; fileRef = 81BAF6C81B4CCD8100C71F3A /* KeyboardLayoutConstraint.swift */; };
		81BAF6E71B4CCD8100C71F3A /* LoadingView.swift in Sources */ = {isa = PBXBuildFile; fileRef = 81BAF6C91B4CCD8100C71F3A /* LoadingView.swift */; };
		81BAF6E81B4CCD8100C71F3A /* LoadingView.xib in Resources */ = {isa = PBXBuildFile; fileRef = 81BAF6CA1B4CCD8100C71F3A /* LoadingView.xib */; };
		81BAF6E91B4CCD8100C71F3A /* Misc.swift in Sources */ = {isa = PBXBuildFile; fileRef = 81BAF6CB1B4CCD8100C71F3A /* Misc.swift */; };
		81BAF6EA1B4CCD8100C71F3A /* SoundPlayer.swift in Sources */ = {isa = PBXBuildFile; fileRef = 81BAF6CC1B4CCD8100C71F3A /* SoundPlayer.swift */; };
		81BAF6EB1B4CCD8100C71F3A /* Spring.swift in Sources */ = {isa = PBXBuildFile; fileRef = 81BAF6CE1B4CCD8100C71F3A /* Spring.swift */; };
		81BAF6EC1B4CCD8100C71F3A /* SpringAnimation.swift in Sources */ = {isa = PBXBuildFile; fileRef = 81BAF6CF1B4CCD8100C71F3A /* SpringAnimation.swift */; };
		81BAF6ED1B4CCD8100C71F3A /* SpringButton.swift in Sources */ = {isa = PBXBuildFile; fileRef = 81BAF6D01B4CCD8100C71F3A /* SpringButton.swift */; };
		81BAF6EE1B4CCD8100C71F3A /* SpringImageView.swift in Sources */ = {isa = PBXBuildFile; fileRef = 81BAF6D11B4CCD8100C71F3A /* SpringImageView.swift */; };
		81BAF6EF1B4CCD8100C71F3A /* SpringLabel.swift in Sources */ = {isa = PBXBuildFile; fileRef = 81BAF6D21B4CCD8100C71F3A /* SpringLabel.swift */; };
		81BAF6F01B4CCD8100C71F3A /* SpringTextField.swift in Sources */ = {isa = PBXBuildFile; fileRef = 81BAF6D31B4CCD8100C71F3A /* SpringTextField.swift */; };
		81BAF6F11B4CCD8100C71F3A /* SpringTextView.swift in Sources */ = {isa = PBXBuildFile; fileRef = 81BAF6D41B4CCD8100C71F3A /* SpringTextView.swift */; };
		81BAF6F21B4CCD8100C71F3A /* SpringView.swift in Sources */ = {isa = PBXBuildFile; fileRef = 81BAF6D51B4CCD8100C71F3A /* SpringView.swift */; };
		81BAF6F31B4CCD8100C71F3A /* TransitionManager.swift in Sources */ = {isa = PBXBuildFile; fileRef = 81BAF6D61B4CCD8100C71F3A /* TransitionManager.swift */; };
		81BAF6F41B4CCD8100C71F3A /* TransitionZoom.swift in Sources */ = {isa = PBXBuildFile; fileRef = 81BAF6D71B4CCD8100C71F3A /* TransitionZoom.swift */; };
		81BAF6F51B4CCD8100C71F3A /* UnwindSegue.swift in Sources */ = {isa = PBXBuildFile; fileRef = 81BAF6D81B4CCD8100C71F3A /* UnwindSegue.swift */; };
		81E1FA751B488B0B000386EE /* AppDelegate.swift in Sources */ = {isa = PBXBuildFile; fileRef = 81E1FA741B488B0B000386EE /* AppDelegate.swift */; };
		81E1FA781B488B0B000386EE /* count.xcdatamodeld in Sources */ = {isa = PBXBuildFile; fileRef = 81E1FA761B488B0B000386EE /* count.xcdatamodeld */; };
		81E1FA7A1B488B0B000386EE /* ViewController.swift in Sources */ = {isa = PBXBuildFile; fileRef = 81E1FA791B488B0B000386EE /* ViewController.swift */; };
		81E1FA7D1B488B0B000386EE /* Main.storyboard in Resources */ = {isa = PBXBuildFile; fileRef = 81E1FA7B1B488B0B000386EE /* Main.storyboard */; };
		81E1FA7F1B488B0B000386EE /* Images.xcassets in Resources */ = {isa = PBXBuildFile; fileRef = 81E1FA7E1B488B0B000386EE /* Images.xcassets */; };
		81E1FA821B488B0B000386EE /* LaunchScreen.xib in Resources */ = {isa = PBXBuildFile; fileRef = 81E1FA801B488B0B000386EE /* LaunchScreen.xib */; };
		81E1FA8E1B488B0B000386EE /* countTests.swift in Sources */ = {isa = PBXBuildFile; fileRef = 81E1FA8D1B488B0B000386EE /* countTests.swift */; };
		81E1FA981B488DD9000386EE /* Task.swift in Sources */ = {isa = PBXBuildFile; fileRef = 81E1FA971B488DD9000386EE /* Task.swift */; };
		81E1FA9C1B48E93E000386EE /* TableViewCell.swift in Sources */ = {isa = PBXBuildFile; fileRef = 81E1FA9B1B48E93E000386EE /* TableViewCell.swift */; };
		81F787161B4A03D7007ED96E /* Tools.swift in Sources */ = {isa = PBXBuildFile; fileRef = 81F787151B4A03D7007ED96E /* Tools.swift */; };
/* End PBXBuildFile section */

/* Begin PBXContainerItemProxy section */
		81E1FA881B488B0B000386EE /* PBXContainerItemProxy */ = {
			isa = PBXContainerItemProxy;
			containerPortal = 81E1FA671B488B0B000386EE /* Project object */;
			proxyType = 1;
			remoteGlobalIDString = 81E1FA6E1B488B0B000386EE;
			remoteInfo = count;
		};
/* End PBXContainerItemProxy section */

/* Begin PBXFileReference section */
		813B018A1B4B1EEE00BF6B2F /* TaskDetailViewController.swift */ = {isa = PBXFileReference; fileEncoding = 4; lastKnownFileType = sourcecode.swift; path = TaskDetailViewController.swift; sourceTree = "<group>"; };
		813B01941B4C7E3B00BF6B2F /* MenuControl.swift */ = {isa = PBXFileReference; fileEncoding = 4; lastKnownFileType = sourcecode.swift; path = MenuControl.swift; sourceTree = "<group>"; };
		81655B361B4DB9A200278976 /* SCLAlertView.swift */ = {isa = PBXFileReference; fileEncoding = 4; lastKnownFileType = sourcecode.swift; path = SCLAlertView.swift; sourceTree = "<group>"; };
		81BAF6BB1B4CCD8100C71F3A /* AsyncButton.swift */ = {isa = PBXFileReference; fileEncoding = 4; lastKnownFileType = sourcecode.swift; path = AsyncButton.swift; sourceTree = "<group>"; };
		81BAF6BC1B4CCD8100C71F3A /* AsyncImageView.swift */ = {isa = PBXFileReference; fileEncoding = 4; lastKnownFileType = sourcecode.swift; path = AsyncImageView.swift; sourceTree = "<group>"; };
		81BAF6BD1B4CCD8100C71F3A /* AutoTextView.swift */ = {isa = PBXFileReference; fileEncoding = 4; lastKnownFileType = sourcecode.swift; path = AutoTextView.swift; sourceTree = "<group>"; };
		81BAF6BE1B4CCD8100C71F3A /* BlurView.swift */ = {isa = PBXFileReference; fileEncoding = 4; lastKnownFileType = sourcecode.swift; path = BlurView.swift; sourceTree = "<group>"; };
		81BAF6BF1B4CCD8100C71F3A /* DesignableButton.swift */ = {isa = PBXFileReference; fileEncoding = 4; lastKnownFileType = sourcecode.swift; path = DesignableButton.swift; sourceTree = "<group>"; };
		81BAF6C01B4CCD8100C71F3A /* DesignableImageView.swift */ = {isa = PBXFileReference; fileEncoding = 4; lastKnownFileType = sourcecode.swift; path = DesignableImageView.swift; sourceTree = "<group>"; };
		81BAF6C11B4CCD8100C71F3A /* DesignableLabel.swift */ = {isa = PBXFileReference; fileEncoding = 4; lastKnownFileType = sourcecode.swift; path = DesignableLabel.swift; sourceTree = "<group>"; };
		81BAF6C21B4CCD8100C71F3A /* DesignableTabBarController.swift */ = {isa = PBXFileReference; fileEncoding = 4; lastKnownFileType = sourcecode.swift; path = DesignableTabBarController.swift; sourceTree = "<group>"; };
		81BAF6C31B4CCD8100C71F3A /* DesignableTextField.swift */ = {isa = PBXFileReference; fileEncoding = 4; lastKnownFileType = sourcecode.swift; path = DesignableTextField.swift; sourceTree = "<group>"; };
		81BAF6C41B4CCD8100C71F3A /* DesignableTextView.swift */ = {isa = PBXFileReference; fileEncoding = 4; lastKnownFileType = sourcecode.swift; path = DesignableTextView.swift; sourceTree = "<group>"; };
		81BAF6C51B4CCD8100C71F3A /* DesignableView.swift */ = {isa = PBXFileReference; fileEncoding = 4; lastKnownFileType = sourcecode.swift; path = DesignableView.swift; sourceTree = "<group>"; };
		81BAF6C61B4CCD8100C71F3A /* ImageLoader.swift */ = {isa = PBXFileReference; fileEncoding = 4; lastKnownFileType = sourcecode.swift; path = ImageLoader.swift; sourceTree = "<group>"; };
		81BAF6C71B4CCD8100C71F3A /* Info.plist */ = {isa = PBXFileReference; fileEncoding = 4; lastKnownFileType = text.plist.xml; path = Info.plist; sourceTree = "<group>"; };
		81BAF6C81B4CCD8100C71F3A /* KeyboardLayoutConstraint.swift */ = {isa = PBXFileReference; fileEncoding = 4; lastKnownFileType = sourcecode.swift; path = KeyboardLayoutConstraint.swift; sourceTree = "<group>"; };
		81BAF6C91B4CCD8100C71F3A /* LoadingView.swift */ = {isa = PBXFileReference; fileEncoding = 4; lastKnownFileType = sourcecode.swift; path = LoadingView.swift; sourceTree = "<group>"; };
		81BAF6CA1B4CCD8100C71F3A /* LoadingView.xib */ = {isa = PBXFileReference; fileEncoding = 4; lastKnownFileType = file.xib; path = LoadingView.xib; sourceTree = "<group>"; };
		81BAF6CB1B4CCD8100C71F3A /* Misc.swift */ = {isa = PBXFileReference; fileEncoding = 4; lastKnownFileType = sourcecode.swift; path = Misc.swift; sourceTree = "<group>"; };
		81BAF6CC1B4CCD8100C71F3A /* SoundPlayer.swift */ = {isa = PBXFileReference; fileEncoding = 4; lastKnownFileType = sourcecode.swift; path = SoundPlayer.swift; sourceTree = "<group>"; };
		81BAF6CD1B4CCD8100C71F3A /* Spring.h */ = {isa = PBXFileReference; fileEncoding = 4; lastKnownFileType = sourcecode.c.h; path = Spring.h; sourceTree = "<group>"; };
		81BAF6CE1B4CCD8100C71F3A /* Spring.swift */ = {isa = PBXFileReference; fileEncoding = 4; lastKnownFileType = sourcecode.swift; path = Spring.swift; sourceTree = "<group>"; };
		81BAF6CF1B4CCD8100C71F3A /* SpringAnimation.swift */ = {isa = PBXFileReference; fileEncoding = 4; lastKnownFileType = sourcecode.swift; path = SpringAnimation.swift; sourceTree = "<group>"; };
		81BAF6D01B4CCD8100C71F3A /* SpringButton.swift */ = {isa = PBXFileReference; fileEncoding = 4; lastKnownFileType = sourcecode.swift; path = SpringButton.swift; sourceTree = "<group>"; };
		81BAF6D11B4CCD8100C71F3A /* SpringImageView.swift */ = {isa = PBXFileReference; fileEncoding = 4; lastKnownFileType = sourcecode.swift; path = SpringImageView.swift; sourceTree = "<group>"; };
		81BAF6D21B4CCD8100C71F3A /* SpringLabel.swift */ = {isa = PBXFileReference; fileEncoding = 4; lastKnownFileType = sourcecode.swift; path = SpringLabel.swift; sourceTree = "<group>"; };
		81BAF6D31B4CCD8100C71F3A /* SpringTextField.swift */ = {isa = PBXFileReference; fileEncoding = 4; lastKnownFileType = sourcecode.swift; path = SpringTextField.swift; sourceTree = "<group>"; };
		81BAF6D41B4CCD8100C71F3A /* SpringTextView.swift */ = {isa = PBXFileReference; fileEncoding = 4; lastKnownFileType = sourcecode.swift; path = SpringTextView.swift; sourceTree = "<group>"; };
		81BAF6D51B4CCD8100C71F3A /* SpringView.swift */ = {isa = PBXFileReference; fileEncoding = 4; lastKnownFileType = sourcecode.swift; path = SpringView.swift; sourceTree = "<group>"; };
		81BAF6D61B4CCD8100C71F3A /* TransitionManager.swift */ = {isa = PBXFileReference; fileEncoding = 4; lastKnownFileType = sourcecode.swift; path = TransitionManager.swift; sourceTree = "<group>"; };
		81BAF6D71B4CCD8100C71F3A /* TransitionZoom.swift */ = {isa = PBXFileReference; fileEncoding = 4; lastKnownFileType = sourcecode.swift; path = TransitionZoom.swift; sourceTree = "<group>"; };
		81BAF6D81B4CCD8100C71F3A /* UnwindSegue.swift */ = {isa = PBXFileReference; fileEncoding = 4; lastKnownFileType = sourcecode.swift; path = UnwindSegue.swift; sourceTree = "<group>"; };
		81E1FA6F1B488B0B000386EE /* Knots.app */ = {isa = PBXFileReference; explicitFileType = wrapper.application; includeInIndex = 0; path = Knots.app; sourceTree = BUILT_PRODUCTS_DIR; };
		81E1FA731B488B0B000386EE /* Info.plist */ = {isa = PBXFileReference; lastKnownFileType = text.plist.xml; path = Info.plist; sourceTree = "<group>"; };
		81E1FA741B488B0B000386EE /* AppDelegate.swift */ = {isa = PBXFileReference; lastKnownFileType = sourcecode.swift; path = AppDelegate.swift; sourceTree = "<group>"; };
		81E1FA771B488B0B000386EE /* count.xcdatamodel */ = {isa = PBXFileReference; lastKnownFileType = wrapper.xcdatamodel; path = count.xcdatamodel; sourceTree = "<group>"; };
		81E1FA791B488B0B000386EE /* ViewController.swift */ = {isa = PBXFileReference; lastKnownFileType = sourcecode.swift; path = ViewController.swift; sourceTree = "<group>"; };
		81E1FA7C1B488B0B000386EE /* Base */ = {isa = PBXFileReference; lastKnownFileType = file.storyboard; name = Base; path = Base.lproj/Main.storyboard; sourceTree = "<group>"; };
		81E1FA7E1B488B0B000386EE /* Images.xcassets */ = {isa = PBXFileReference; lastKnownFileType = folder.assetcatalog; path = Images.xcassets; sourceTree = "<group>"; };
		81E1FA811B488B0B000386EE /* Base */ = {isa = PBXFileReference; lastKnownFileType = file.xib; name = Base; path = Base.lproj/LaunchScreen.xib; sourceTree = "<group>"; };
		81E1FA871B488B0B000386EE /* KnotsTests.xctest */ = {isa = PBXFileReference; explicitFileType = wrapper.cfbundle; includeInIndex = 0; path = KnotsTests.xctest; sourceTree = BUILT_PRODUCTS_DIR; };
		81E1FA8C1B488B0B000386EE /* Info.plist */ = {isa = PBXFileReference; lastKnownFileType = text.plist.xml; path = Info.plist; sourceTree = "<group>"; };
		81E1FA8D1B488B0B000386EE /* countTests.swift */ = {isa = PBXFileReference; lastKnownFileType = sourcecode.swift; path = countTests.swift; sourceTree = "<group>"; };
		81E1FA971B488DD9000386EE /* Task.swift */ = {isa = PBXFileReference; fileEncoding = 4; lastKnownFileType = sourcecode.swift; path = Task.swift; sourceTree = "<group>"; };
		81E1FA9B1B48E93E000386EE /* TableViewCell.swift */ = {isa = PBXFileReference; fileEncoding = 4; lastKnownFileType = sourcecode.swift; path = TableViewCell.swift; sourceTree = "<group>"; };
		81F787151B4A03D7007ED96E /* Tools.swift */ = {isa = PBXFileReference; fileEncoding = 4; lastKnownFileType = sourcecode.swift; path = Tools.swift; sourceTree = "<group>"; };
/* End PBXFileReference section */

/* Begin PBXFrameworksBuildPhase section */
		81E1FA6C1B488B0B000386EE /* Frameworks */ = {
			isa = PBXFrameworksBuildPhase;
			buildActionMask = 2147483647;
			files = (
			);
			runOnlyForDeploymentPostprocessing = 0;
		};
		81E1FA841B488B0B000386EE /* Frameworks */ = {
			isa = PBXFrameworksBuildPhase;
			buildActionMask = 2147483647;
			files = (
			);
			runOnlyForDeploymentPostprocessing = 0;
		};
/* End PBXFrameworksBuildPhase section */

/* Begin PBXGroup section */
		81625DD71B4B1CA2009AB6F9 /* ThirdParty */ = {
			isa = PBXGroup;
			children = (
				81655B361B4DB9A200278976 /* SCLAlertView.swift */,
				81BAF6BA1B4CCD8100C71F3A /* Spring */,
				813B01941B4C7E3B00BF6B2F /* MenuControl.swift */,
			);
			name = ThirdParty;
			sourceTree = "<group>";
		};
		81BAF6BA1B4CCD8100C71F3A /* Spring */ = {
			isa = PBXGroup;
			children = (
				81BAF6BB1B4CCD8100C71F3A /* AsyncButton.swift */,
				81BAF6BC1B4CCD8100C71F3A /* AsyncImageView.swift */,
				81BAF6BD1B4CCD8100C71F3A /* AutoTextView.swift */,
				81BAF6BE1B4CCD8100C71F3A /* BlurView.swift */,
				81BAF6BF1B4CCD8100C71F3A /* DesignableButton.swift */,
				81BAF6C01B4CCD8100C71F3A /* DesignableImageView.swift */,
				81BAF6C11B4CCD8100C71F3A /* DesignableLabel.swift */,
				81BAF6C21B4CCD8100C71F3A /* DesignableTabBarController.swift */,
				81BAF6C31B4CCD8100C71F3A /* DesignableTextField.swift */,
				81BAF6C41B4CCD8100C71F3A /* DesignableTextView.swift */,
				81BAF6C51B4CCD8100C71F3A /* DesignableView.swift */,
				81BAF6C61B4CCD8100C71F3A /* ImageLoader.swift */,
				81BAF6C71B4CCD8100C71F3A /* Info.plist */,
				81BAF6C81B4CCD8100C71F3A /* KeyboardLayoutConstraint.swift */,
				81BAF6C91B4CCD8100C71F3A /* LoadingView.swift */,
				81BAF6CA1B4CCD8100C71F3A /* LoadingView.xib */,
				81BAF6CB1B4CCD8100C71F3A /* Misc.swift */,
				81BAF6CC1B4CCD8100C71F3A /* SoundPlayer.swift */,
				81BAF6CD1B4CCD8100C71F3A /* Spring.h */,
				81BAF6CE1B4CCD8100C71F3A /* Spring.swift */,
				81BAF6CF1B4CCD8100C71F3A /* SpringAnimation.swift */,
				81BAF6D01B4CCD8100C71F3A /* SpringButton.swift */,
				81BAF6D11B4CCD8100C71F3A /* SpringImageView.swift */,
				81BAF6D21B4CCD8100C71F3A /* SpringLabel.swift */,
				81BAF6D31B4CCD8100C71F3A /* SpringTextField.swift */,
				81BAF6D41B4CCD8100C71F3A /* SpringTextView.swift */,
				81BAF6D51B4CCD8100C71F3A /* SpringView.swift */,
				81BAF6D61B4CCD8100C71F3A /* TransitionManager.swift */,
				81BAF6D71B4CCD8100C71F3A /* TransitionZoom.swift */,
				81BAF6D81B4CCD8100C71F3A /* UnwindSegue.swift */,
			);
			path = Spring;
			sourceTree = "<group>";
		};
		81E1FA661B488B0B000386EE = {
			isa = PBXGroup;
			children = (
				81E1FA711B488B0B000386EE /* knots */,
				81E1FA8A1B488B0B000386EE /* countTests */,
				81E1FA701B488B0B000386EE /* Products */,
			);
			sourceTree = "<group>";
		};
		81E1FA701B488B0B000386EE /* Products */ = {
			isa = PBXGroup;
			children = (
				81E1FA6F1B488B0B000386EE /* Knots.app */,
				81E1FA871B488B0B000386EE /* KnotsTests.xctest */,
			);
			name = Products;
			sourceTree = "<group>";
		};
		81E1FA711B488B0B000386EE /* knots */ = {
			isa = PBXGroup;
			children = (
				81E1FA741B488B0B000386EE /* AppDelegate.swift */,
				81E1FA791B488B0B000386EE /* ViewController.swift */,
				81E1FA9B1B48E93E000386EE /* TableViewCell.swift */,
				81E1FA7B1B488B0B000386EE /* Main.storyboard */,
				81E1FA971B488DD9000386EE /* Task.swift */,
				813B018A1B4B1EEE00BF6B2F /* TaskDetailViewController.swift */,
				81F787151B4A03D7007ED96E /* Tools.swift */,
				81625DD71B4B1CA2009AB6F9 /* ThirdParty */,
				81E1FA721B488B0B000386EE /* Supporting Files */,
			);
			name = knots;
			path = count;
			sourceTree = "<group>";
		};
		81E1FA721B488B0B000386EE /* Supporting Files */ = {
			isa = PBXGroup;
			children = (
				81E1FA761B488B0B000386EE /* count.xcdatamodeld */,
				81E1FA801B488B0B000386EE /* LaunchScreen.xib */,
				81E1FA7E1B488B0B000386EE /* Images.xcassets */,
				81E1FA731B488B0B000386EE /* Info.plist */,
			);
			name = "Supporting Files";
			sourceTree = "<group>";
		};
		81E1FA8A1B488B0B000386EE /* countTests */ = {
			isa = PBXGroup;
			children = (
				81E1FA8D1B488B0B000386EE /* countTests.swift */,
				81E1FA8B1B488B0B000386EE /* Supporting Files */,
			);
			path = countTests;
			sourceTree = "<group>";
		};
		81E1FA8B1B488B0B000386EE /* Supporting Files */ = {
			isa = PBXGroup;
			children = (
				81E1FA8C1B488B0B000386EE /* Info.plist */,
			);
			name = "Supporting Files";
			sourceTree = "<group>";
		};
/* End PBXGroup section */

/* Begin PBXNativeTarget section */
		81E1FA6E1B488B0B000386EE /* Knots */ = {
			isa = PBXNativeTarget;
			buildConfigurationList = 81E1FA911B488B0C000386EE /* Build configuration list for PBXNativeTarget "Knots" */;
			buildPhases = (
				81E1FA6B1B488B0B000386EE /* Sources */,
				81E1FA6C1B488B0B000386EE /* Frameworks */,
				81E1FA6D1B488B0B000386EE /* Resources */,
			);
			buildRules = (
			);
			dependencies = (
			);
			name = Knots;
			productName = count;
			productReference = 81E1FA6F1B488B0B000386EE /* Knots.app */;
			productType = "com.apple.product-type.application";
		};
		81E1FA861B488B0B000386EE /* KnotsTests */ = {
			isa = PBXNativeTarget;
			buildConfigurationList = 81E1FA941B488B0C000386EE /* Build configuration list for PBXNativeTarget "KnotsTests" */;
			buildPhases = (
				81E1FA831B488B0B000386EE /* Sources */,
				81E1FA841B488B0B000386EE /* Frameworks */,
				81E1FA851B488B0B000386EE /* Resources */,
			);
			buildRules = (
			);
			dependencies = (
				81E1FA891B488B0B000386EE /* PBXTargetDependency */,
			);
			name = KnotsTests;
			productName = countTests;
			productReference = 81E1FA871B488B0B000386EE /* KnotsTests.xctest */;
			productType = "com.apple.product-type.bundle.unit-test";
		};
/* End PBXNativeTarget section */

/* Begin PBXProject section */
		81E1FA671B488B0B000386EE /* Project object */ = {
			isa = PBXProject;
			attributes = {
				LastSwiftUpdateCheck = 0700;
				LastUpgradeCheck = 0640;
				ORGANIZATIONNAME = "Zhiheng Yi";
				TargetAttributes = {
					81E1FA6E1B488B0B000386EE = {
						CreatedOnToolsVersion = 6.4;
					};
					81E1FA861B488B0B000386EE = {
						CreatedOnToolsVersion = 6.4;
						TestTargetID = 81E1FA6E1B488B0B000386EE;
					};
				};
			};
			buildConfigurationList = 81E1FA6A1B488B0B000386EE /* Build configuration list for PBXProject "Knots" */;
			compatibilityVersion = "Xcode 3.2";
			developmentRegion = English;
			hasScannedForEncodings = 0;
			knownRegions = (
				en,
				Base,
			);
			mainGroup = 81E1FA661B488B0B000386EE;
			productRefGroup = 81E1FA701B488B0B000386EE /* Products */;
			projectDirPath = "";
			projectRoot = "";
			targets = (
				81E1FA6E1B488B0B000386EE /* Knots */,
				81E1FA861B488B0B000386EE /* KnotsTests */,
			);
		};
/* End PBXProject section */

/* Begin PBXResourcesBuildPhase section */
		81E1FA6D1B488B0B000386EE /* Resources */ = {
			isa = PBXResourcesBuildPhase;
			buildActionMask = 2147483647;
			files = (
				81BAF6E51B4CCD8100C71F3A /* Info.plist in Resources */,
				81E1FA7D1B488B0B000386EE /* Main.storyboard in Resources */,
				81E1FA821B488B0B000386EE /* LaunchScreen.xib in Resources */,
				81E1FA7F1B488B0B000386EE /* Images.xcassets in Resources */,
				81BAF6E81B4CCD8100C71F3A /* LoadingView.xib in Resources */,
			);
			runOnlyForDeploymentPostprocessing = 0;
		};
		81E1FA851B488B0B000386EE /* Resources */ = {
			isa = PBXResourcesBuildPhase;
			buildActionMask = 2147483647;
			files = (
			);
			runOnlyForDeploymentPostprocessing = 0;
		};
/* End PBXResourcesBuildPhase section */

/* Begin PBXSourcesBuildPhase section */
		81E1FA6B1B488B0B000386EE /* Sources */ = {
			isa = PBXSourcesBuildPhase;
			buildActionMask = 2147483647;
			files = (
				81E1FA981B488DD9000386EE /* Task.swift in Sources */,
				81BAF6EB1B4CCD8100C71F3A /* Spring.swift in Sources */,
				81E1FA7A1B488B0B000386EE /* ViewController.swift in Sources */,
				81BAF6E41B4CCD8100C71F3A /* ImageLoader.swift in Sources */,
				81BAF6E71B4CCD8100C71F3A /* LoadingView.swift in Sources */,
				81BAF6ED1B4CCD8100C71F3A /* SpringButton.swift in Sources */,
				81BAF6E01B4CCD8100C71F3A /* DesignableTabBarController.swift in Sources */,
				81BAF6EF1B4CCD8100C71F3A /* SpringLabel.swift in Sources */,
				81BAF6E21B4CCD8100C71F3A /* DesignableTextView.swift in Sources */,
				81BAF6F41B4CCD8100C71F3A /* TransitionZoom.swift in Sources */,
				813B01951B4C7E3B00BF6B2F /* MenuControl.swift in Sources */,
				81BAF6EE1B4CCD8100C71F3A /* SpringImageView.swift in Sources */,
				81BAF6DA1B4CCD8100C71F3A /* AsyncImageView.swift in Sources */,
				81BAF6F01B4CCD8100C71F3A /* SpringTextField.swift in Sources */,
				81BAF6E11B4CCD8100C71F3A /* DesignableTextField.swift in Sources */,
				81BAF6E31B4CCD8100C71F3A /* DesignableView.swift in Sources */,
				81BAF6EA1B4CCD8100C71F3A /* SoundPlayer.swift in Sources */,
				813B018B1B4B1EEE00BF6B2F /* TaskDetailViewController.swift in Sources */,
				81BAF6DC1B4CCD8100C71F3A /* BlurView.swift in Sources */,
				81BAF6E61B4CCD8100C71F3A /* KeyboardLayoutConstraint.swift in Sources */,
				81BAF6EC1B4CCD8100C71F3A /* SpringAnimation.swift in Sources */,
				81BAF6E91B4CCD8100C71F3A /* Misc.swift in Sources */,
				81655B371B4DB9A200278976 /* SCLAlertView.swift in Sources */,
				81BAF6F31B4CCD8100C71F3A /* TransitionManager.swift in Sources */,
				81BAF6DE1B4CCD8100C71F3A /* DesignableImageView.swift in Sources */,
				81E1FA751B488B0B000386EE /* AppDelegate.swift in Sources */,
				81BAF6D91B4CCD8100C71F3A /* AsyncButton.swift in Sources */,
				81BAF6F51B4CCD8100C71F3A /* UnwindSegue.swift in Sources */,
				81F787161B4A03D7007ED96E /* Tools.swift in Sources */,
				81BAF6F21B4CCD8100C71F3A /* SpringView.swift in Sources */,
				81BAF6DF1B4CCD8100C71F3A /* DesignableLabel.swift in Sources */,
				81BAF6DB1B4CCD8100C71F3A /* AutoTextView.swift in Sources */,
				81BAF6F11B4CCD8100C71F3A /* SpringTextView.swift in Sources */,
				81BAF6DD1B4CCD8100C71F3A /* DesignableButton.swift in Sources */,
				81E1FA9C1B48E93E000386EE /* TableViewCell.swift in Sources */,
				81E1FA781B488B0B000386EE /* count.xcdatamodeld in Sources */,
			);
			runOnlyForDeploymentPostprocessing = 0;
		};
		81E1FA831B488B0B000386EE /* Sources */ = {
			isa = PBXSourcesBuildPhase;
			buildActionMask = 2147483647;
			files = (
				81E1FA8E1B488B0B000386EE /* countTests.swift in Sources */,
			);
			runOnlyForDeploymentPostprocessing = 0;
		};
/* End PBXSourcesBuildPhase section */

/* Begin PBXTargetDependency section */
		81E1FA891B488B0B000386EE /* PBXTargetDependency */ = {
			isa = PBXTargetDependency;
			target = 81E1FA6E1B488B0B000386EE /* Knots */;
			targetProxy = 81E1FA881B488B0B000386EE /* PBXContainerItemProxy */;
		};
/* End PBXTargetDependency section */

/* Begin PBXVariantGroup section */
		81E1FA7B1B488B0B000386EE /* Main.storyboard */ = {
			isa = PBXVariantGroup;
			children = (
				81E1FA7C1B488B0B000386EE /* Base */,
			);
			name = Main.storyboard;
			sourceTree = "<group>";
		};
		81E1FA801B488B0B000386EE /* LaunchScreen.xib */ = {
			isa = PBXVariantGroup;
			children = (
				81E1FA811B488B0B000386EE /* Base */,
			);
			name = LaunchScreen.xib;
			sourceTree = "<group>";
		};
/* End PBXVariantGroup section */

/* Begin XCBuildConfiguration section */
		81E1FA8F1B488B0C000386EE /* Debug */ = {
			isa = XCBuildConfiguration;
			buildSettings = {
				ALWAYS_SEARCH_USER_PATHS = NO;
				CLANG_CXX_LANGUAGE_STANDARD = "gnu++0x";
				CLANG_CXX_LIBRARY = "libc++";
				CLANG_ENABLE_MODULES = YES;
				CLANG_ENABLE_OBJC_ARC = YES;
				CLANG_WARN_BOOL_CONVERSION = YES;
				CLANG_WARN_CONSTANT_CONVERSION = YES;
				CLANG_WARN_DIRECT_OBJC_ISA_USAGE = YES_ERROR;
				CLANG_WARN_EMPTY_BODY = YES;
				CLANG_WARN_ENUM_CONVERSION = YES;
				CLANG_WARN_INT_CONVERSION = YES;
				CLANG_WARN_OBJC_ROOT_CLASS = YES_ERROR;
				CLANG_WARN_UNREACHABLE_CODE = YES;
				CLANG_WARN__DUPLICATE_METHOD_MATCH = YES;
				"CODE_SIGN_IDENTITY[sdk=iphoneos*]" = "iPhone Developer";
				COPY_PHASE_STRIP = NO;
				DEBUG_INFORMATION_FORMAT = "dwarf-with-dsym";
				ENABLE_STRICT_OBJC_MSGSEND = YES;
				GCC_C_LANGUAGE_STANDARD = gnu99;
				GCC_DYNAMIC_NO_PIC = NO;
				GCC_NO_COMMON_BLOCKS = YES;
				GCC_OPTIMIZATION_LEVEL = 0;
				GCC_PREPROCESSOR_DEFINITIONS = (
					"DEBUG=1",
					"$(inherited)",
				);
				GCC_SYMBOLS_PRIVATE_EXTERN = NO;
				GCC_WARN_64_TO_32_BIT_CONVERSION = YES;
				GCC_WARN_ABOUT_RETURN_TYPE = YES_ERROR;
				GCC_WARN_UNDECLARED_SELECTOR = YES;
				GCC_WARN_UNINITIALIZED_AUTOS = YES_AGGRESSIVE;
				GCC_WARN_UNUSED_FUNCTION = YES;
				GCC_WARN_UNUSED_VARIABLE = YES;
				IPHONEOS_DEPLOYMENT_TARGET = 8.4;
				MTL_ENABLE_DEBUG_INFO = YES;
				ONLY_ACTIVE_ARCH = YES;
				SDKROOT = iphoneos;
				SWIFT_OPTIMIZATION_LEVEL = "-Onone";
			};
			name = Debug;
		};
		81E1FA901B488B0C000386EE /* Release */ = {
			isa = XCBuildConfiguration;
			buildSettings = {
				ALWAYS_SEARCH_USER_PATHS = NO;
				CLANG_CXX_LANGUAGE_STANDARD = "gnu++0x";
				CLANG_CXX_LIBRARY = "libc++";
				CLANG_ENABLE_MODULES = YES;
				CLANG_ENABLE_OBJC_ARC = YES;
				CLANG_WARN_BOOL_CONVERSION = YES;
				CLANG_WARN_CONSTANT_CONVERSION = YES;
				CLANG_WARN_DIRECT_OBJC_ISA_USAGE = YES_ERROR;
				CLANG_WARN_EMPTY_BODY = YES;
				CLANG_WARN_ENUM_CONVERSION = YES;
				CLANG_WARN_INT_CONVERSION = YES;
				CLANG_WARN_OBJC_ROOT_CLASS = YES_ERROR;
				CLANG_WARN_UNREACHABLE_CODE = YES;
				CLANG_WARN__DUPLICATE_METHOD_MATCH = YES;
				"CODE_SIGN_IDENTITY[sdk=iphoneos*]" = "iPhone Developer";
				COPY_PHASE_STRIP = NO;
				DEBUG_INFORMATION_FORMAT = "dwarf-with-dsym";
				ENABLE_NS_ASSERTIONS = NO;
				ENABLE_STRICT_OBJC_MSGSEND = YES;
				GCC_C_LANGUAGE_STANDARD = gnu99;
				GCC_NO_COMMON_BLOCKS = YES;
				GCC_WARN_64_TO_32_BIT_CONVERSION = YES;
				GCC_WARN_ABOUT_RETURN_TYPE = YES_ERROR;
				GCC_WARN_UNDECLARED_SELECTOR = YES;
				GCC_WARN_UNINITIALIZED_AUTOS = YES_AGGRESSIVE;
				GCC_WARN_UNUSED_FUNCTION = YES;
				GCC_WARN_UNUSED_VARIABLE = YES;
				IPHONEOS_DEPLOYMENT_TARGET = 8.4;
				MTL_ENABLE_DEBUG_INFO = NO;
				SDKROOT = iphoneos;
				VALIDATE_PRODUCT = YES;
			};
			name = Release;
		};
		81E1FA921B488B0C000386EE /* Debug */ = {
			isa = XCBuildConfiguration;
			buildSettings = {
				ASSETCATALOG_COMPILER_APPICON_NAME = AppIcon;
				INFOPLIST_FILE = count/Info.plist;
				LD_RUNPATH_SEARCH_PATHS = "$(inherited) @executable_path/Frameworks";
				PRODUCT_NAME = Knots;
			};
			name = Debug;
		};
		81E1FA931B488B0C000386EE /* Release */ = {
			isa = XCBuildConfiguration;
			buildSettings = {
				ASSETCATALOG_COMPILER_APPICON_NAME = AppIcon;
				INFOPLIST_FILE = count/Info.plist;
				LD_RUNPATH_SEARCH_PATHS = "$(inherited) @executable_path/Frameworks";
				PRODUCT_NAME = Knots;
			};
			name = Release;
		};
		81E1FA951B488B0C000386EE /* Debug */ = {
			isa = XCBuildConfiguration;
			buildSettings = {
				BUNDLE_LOADER = "$(TEST_HOST)";
				FRAMEWORK_SEARCH_PATHS = (
					"$(SDKROOT)/Developer/Library/Frameworks",
					"$(inherited)",
				);
				GCC_PREPROCESSOR_DEFINITIONS = (
					"DEBUG=1",
					"$(inherited)",
				);
				INFOPLIST_FILE = countTests/Info.plist;
				LD_RUNPATH_SEARCH_PATHS = "$(inherited) @executable_path/Frameworks @loader_path/Frameworks";
				PRODUCT_NAME = KnotsTests;
				TEST_HOST = "$(BUILT_PRODUCTS_DIR)/Knots.app/Knots";
			};
			name = Debug;
		};
		81E1FA961B488B0C000386EE /* Release */ = {
			isa = XCBuildConfiguration;
			buildSettings = {
				BUNDLE_LOADER = "$(TEST_HOST)";
				FRAMEWORK_SEARCH_PATHS = (
					"$(SDKROOT)/Developer/Library/Frameworks",
					"$(inherited)",
				);
				INFOPLIST_FILE = countTests/Info.plist;
				LD_RUNPATH_SEARCH_PATHS = "$(inherited) @executable_path/Frameworks @loader_path/Frameworks";
				PRODUCT_NAME = KnotsTests;
				TEST_HOST = "$(BUILT_PRODUCTS_DIR)/Knots.app/Knots";
			};
			name = Release;
		};
/* End XCBuildConfiguration section */

/* Begin XCConfigurationList section */
		81E1FA6A1B488B0B000386EE /* Build configuration list for PBXProject "Knots" */ = {
			isa = XCConfigurationList;
			buildConfigurations = (
				81E1FA8F1B488B0C000386EE /* Debug */,
				81E1FA901B488B0C000386EE /* Release */,
			);
			defaultConfigurationIsVisible = 0;
			defaultConfigurationName = Release;
		};
		81E1FA911B488B0C000386EE /* Build configuration list for PBXNativeTarget "Knots" */ = {
			isa = XCConfigurationList;
			buildConfigurations = (
				81E1FA921B488B0C000386EE /* Debug */,
				81E1FA931B488B0C000386EE /* Release */,
			);
			defaultConfigurationIsVisible = 0;
			defaultConfigurationName = Release;
		};
		81E1FA941B488B0C000386EE /* Build configuration list for PBXNativeTarget "KnotsTests" */ = {
			isa = XCConfigurationList;
			buildConfigurations = (
				81E1FA951B488B0C000386EE /* Debug */,
				81E1FA961B488B0C000386EE /* Release */,
			);
			defaultConfigurationIsVisible = 0;
			defaultConfigurationName = Release;
		};
/* End XCConfigurationList section */

/* Begin XCVersionGroup section */
		81E1FA761B488B0B000386EE /* count.xcdatamodeld */ = {
			isa = XCVersionGroup;
			children = (
				81E1FA771B488B0B000386EE /* count.xcdatamodel */,
			);
			currentVersion = 81E1FA771B488B0B000386EE /* count.xcdatamodel */;
			path = count.xcdatamodeld;
			sourceTree = "<group>";
			versionGroupType = wrapper.xcdatamodel;
		};
/* End XCVersionGroup section */
	};
	rootObject = 81E1FA671B488B0B000386EE /* Project object */;
}
